{
  "name": "shared",
  "lockfileVersion": 3,
  "requires": true,
  "packages": {
    "": {
      "dependencies": {
        "@robinbobin/mimetype-constants": "^2.0.2",
        "parse-unit": "^1.0.1"
      }
    },
    "node_modules/@robinbobin/mimetype-constants": {
      "version": "2.0.2",
      "resolved": "https://registry.npmjs.org/@robinbobin/mimetype-constants/-/mimetype-constants-2.0.2.tgz",
      "integrity": "sha512-mNxTnhDo4OPKC0YmRQM7gka82+5uNq/Wa5hnZS+f+QK7GeqRT9lb5ppzuL7O0cQsncodJwF/XnWwDwe8P7VX5g==",
      "dependencies": {
        "radashi": "^12.2.3"
      }
    },
    "node_modules/parse-unit": {
      "version": "1.0.1",
      "resolved": "https://registry.npmjs.org/parse-unit/-/parse-unit-1.0.1.tgz",
      "integrity": "sha512-hrqldJHokR3Qj88EIlV/kAyAi/G5R2+R56TBANxNMy0uPlYcttx0jnMW6Yx5KsKPSbC3KddM/7qQm3+0wEXKxg==",
      "license": "MIT"
    },
    "node_modules/radashi": {
      "version": "12.7.1",
      "resolved": "https://registry.npmjs.org/radashi/-/radashi-12.7.1.tgz",
      "integrity": "sha512-rwxcGY3oKMQJ+ojhS4MlxyVWqdXPVJSxg3ZjXDYYz26DYRuAAs+7XBM406/GYzPEBbjSJqdKfHDpBRfjWn34RQ==",
      "license": "MIT",
      "engines": {
        "node": ">=16.0.0"
      }
    }
  }
}
